<?xml version="1.0" encoding="utf-8"?>
<Project ToolsVersion="16.0" xmlns="http://schemas.microsoft.com/developer/msbuild/2003">
  <ItemGroup>
    <CustomBuild Include="C:\Users\alanh\Programming-I\build\CMakeFiles\8676b384f76ebfffd384d93d8797d1c9\generate.stamp.rule">
      <Filter>CMake Rules</Filter>
    </CustomBuild>
  </ItemGroup>
  <ItemGroup>
    <Filter Include="CMake Rules">
      <UniqueIdentifier>{0787946F-4FFA-360E-B7AF-07D9D7A72E31}</UniqueIdentifier>
    </Filter>
  </ItemGroup>
</Project>
